
Microsoft Visual Studio Solution File, Format Version 12.00
# Visual Studio Version 17
VisualStudioVersion = 17.13.35931.197 d17.13
MinimumVisualStudioVersion = 10.0.40219.1
Project("{FAE04EC0-301F-11D3-BF4B-00C04F79EFBC}") = "ShipmentData", "ShipmentData.csproj", "{59D4011A-34A1-4D09-A120-8769DAE2DA05}"
EndProject
Global
	GlobalSection(SolutionConfigurationPlatforms) = preSolution
		Debug|Any CPU = Debug|Any CPU
		Release|Any CPU = Release|Any CPU
	EndGlobalSection
	GlobalSection(ProjectConfigurationPlatforms) = postSolution
		{59D4011A-34A1-4D09-A120-8769DAE2DA05}.Debug|Any CPU.ActiveCfg = Debug|Any CPU
		{59D4011A-34A1-4D09-A120-8769DAE2DA05}.Debug|Any CPU.Build.0 = Debug|Any CPU
		{59D4011A-34A1-4D09-A120-8769DAE2DA05}.Release|Any CPU.ActiveCfg = Release|Any CPU
		{59D4011A-34A1-4D09-A120-8769DAE2DA05}.Release|Any CPU.Build.0 = Release|Any CPU
	EndGlobalSection
	GlobalSection(SolutionProperties) = preSolution
		HideSolutionNode = FALSE
	EndGlobalSection
	GlobalSection(ExtensibilityGlobals) = postSolution
		SolutionGuid = {92D2DE4A-5910-4F22-9008-EC2C2CD89B82}
	EndGlobalSection
EndGlobal
